Microsoft Visual Studio Solution File, Format Version 8.00
Project("{8BC9CEB8-8B4A-11D0-8D11-00A0C91BC942}") = "itpp_msvc2003", "itpp_msvc2003.vcproj", "{9CC852B1-93F8-458F-A318-8FDD424312DF}"
	ProjectSection(ProjectDependencies) = postProject
	EndProjectSection
EndProject
Global
	GlobalSection(SolutionConfiguration) = preSolution
		Debug = Debug
		Release = Release
	EndGlobalSection
	GlobalSection(ProjectConfiguration) = postSolution
		{9CC852B1-93F8-458F-A318-8FDD424312DF}.Debug.ActiveCfg = Debug|Win32
		{9CC852B1-93F8-458F-A318-8FDD424312DF}.Debug.Build.0 = Debug|Win32
		{9CC852B1-93F8-458F-A318-8FDD424312DF}.Release.ActiveCfg = Release|Win32
		{9CC852B1-93F8-458F-A318-8FDD424312DF}.Release.Build.0 = Release|Win32
	EndGlobalSection
	GlobalSection(ExtensibilityGlobals) = postSolution
	EndGlobalSection
	GlobalSection(ExtensibilityAddIns) = postSolution
	EndGlobalSection
EndGlobal
