
Microsoft Visual Studio Solution File, Format Version 9.00
# Visual Studio 2005
Project("{8BC9CEB8-8B4A-11D0-8D11-00A0C91BC942}") = "itpp_mkl", "itpp_mkl.vs2005.vcproj", "{C069ECD3-26E8-437C-8B20-3A5D68B22F2A}"
EndProject
Global
	GlobalSection(SolutionConfigurationPlatforms) = preSolution
		Debug|Win32 = Debug|Win32
		Release|Win32 = Release|Win32
	EndGlobalSection
	GlobalSection(ProjectConfigurationPlatforms) = postSolution
		{C069ECD3-26E8-437C-8B20-3A5D68B22F2A}.Debug|Win32.ActiveCfg = Debug|Win32
		{C069ECD3-26E8-437C-8B20-3A5D68B22F2A}.Debug|Win32.Build.0 = Debug|Win32
		{C069ECD3-26E8-437C-8B20-3A5D68B22F2A}.Release|Win32.ActiveCfg = Release|Win32
		{C069ECD3-26E8-437C-8B20-3A5D68B22F2A}.Release|Win32.Build.0 = Release|Win32
	EndGlobalSection
	GlobalSection(SolutionProperties) = preSolution
		HideSolutionNode = FALSE
	EndGlobalSection
EndGlobal
